// !$*UTF8*$!
{
	archiveVersion = 1;
	classes = {
	};
	objectVersion = 77;
	objects = {

/* Begin PBXBuildFile section */
		0FBFE714B79A4A19A1D5BAA2 /* TortoiseGitFinderExtension.appex in Embed Foundation Extensions */ = {isa = PBXBuildFile; fileRef = D43F991BBEFB7FDE27073749 /* TortoiseGitFinderExtension.appex */; settings = {ATTRIBUTES = (RemoveHeadersOnCopy, ); }; };
		269CB71E7B8AADCADC97EA75 /* LogWindowController.swift in Sources */ = {isa = PBXBuildFile; fileRef = 17FC7E06BBD6067F490A3A95 /* LogWindowController.swift */; };
		2821A5EE1B006B2E30D2EDE7 /* DiffWindowController.swift in Sources */ = {isa = PBXBuildFile; fileRef = 4CC94264A2C1B175EB0CBA53 /* DiffWindowController.swift */; };
		3677AFD82737E1FE43BB8F04 /* FinderSyncExtension.swift in Sources */ = {isa = PBXBuildFile; fileRef = D690F6364453B6E9EBED9FFC /* FinderSyncExtension.swift */; };
		38B12E62F62AA30E9B5A836E /* GitCommandRunner.swift in Sources */ = {isa = PBXBuildFile; fileRef = A022E2A13035B9CBA4420A0F /* GitCommandRunner.swift */; };
		4AC078D19731B585F9F9E08B /* MainMenu.swift in Sources */ = {isa = PBXBuildFile; fileRef = B534763F96EF4486A487D33F /* MainMenu.swift */; };
		612876BA25DDC98D06EB0277 /* CommitWindowController.swift in Sources */ = {isa = PBXBuildFile; fileRef = 1380143AEA15DF26D94C25AA /* CommitWindowController.swift */; };
		6C3E8D9B82700C14444DD353 /* GitCommandRunner.swift in Sources */ = {isa = PBXBuildFile; fileRef = A022E2A13035B9CBA4420A0F /* GitCommandRunner.swift */; };
		701D55AA89E5D502E344B382 /* RepositoryPreferences.swift in Sources */ = {isa = PBXBuildFile; fileRef = 6C1ED3D5BF76CA4D48330BFD /* RepositoryPreferences.swift */; };
		7E063CC74730ADD387C0C04C /* AppDelegate.swift in Sources */ = {isa = PBXBuildFile; fileRef = F77632B69F8A3F1BF84AE362 /* AppDelegate.swift */; };
		AC26253AACCB200F63BDB011 /* RepositoryPreferences.swift in Sources */ = {isa = PBXBuildFile; fileRef = 6C1ED3D5BF76CA4D48330BFD /* RepositoryPreferences.swift */; };
		BF8CDE24F08588ED20F7AA8C /* main.swift in Sources */ = {isa = PBXBuildFile; fileRef = BB808CE2E7878A0463B857AC /* main.swift */; };
		EC254392F67D01A405A91F22 /* PreferencesWindowController.swift in Sources */ = {isa = PBXBuildFile; fileRef = FC72ABE941CEC8752B6263B2 /* PreferencesWindowController.swift */; };
/* End PBXBuildFile section */

/* Begin PBXContainerItemProxy section */
		F8F99E9923585AD1F378580A /* PBXContainerItemProxy */ = {
			isa = PBXContainerItemProxy;
			containerPortal = B9297A04CC5ABBBE91FECE1D /* Project object */;
			proxyType = 1;
			remoteGlobalIDString = AEA41406BDE38463318E4CFC;
			remoteInfo = TortoiseGitFinderExtension;
		};
/* End PBXContainerItemProxy section */

/* Begin PBXCopyFilesBuildPhase section */
		7F31302EDBF9220E8FDFEDA5 /* Embed Foundation Extensions */ = {
			isa = PBXCopyFilesBuildPhase;
			buildActionMask = 2147483647;
			dstPath = "";
			dstSubfolderSpec = 13;
			files = (
				0FBFE714B79A4A19A1D5BAA2 /* TortoiseGitFinderExtension.appex in Embed Foundation Extensions */,
			);
			name = "Embed Foundation Extensions";
			runOnlyForDeploymentPostprocessing = 0;
		};
/* End PBXCopyFilesBuildPhase section */

/* Begin PBXFileReference section */
		1380143AEA15DF26D94C25AA /* CommitWindowController.swift */ = {isa = PBXFileReference; lastKnownFileType = sourcecode.swift; path = CommitWindowController.swift; sourceTree = "<group>"; };
		17FC7E06BBD6067F490A3A95 /* LogWindowController.swift */ = {isa = PBXFileReference; lastKnownFileType = sourcecode.swift; path = LogWindowController.swift; sourceTree = "<group>"; };
		1D41B54C9A9BDF697F039484 /* Info.plist */ = {isa = PBXFileReference; lastKnownFileType = text.plist; path = Info.plist; sourceTree = "<group>"; };
		36B90AB5F6651101759BD685 /* TortoiseGitMac.app */ = {isa = PBXFileReference; explicitFileType = wrapper.application; includeInIndex = 0; path = TortoiseGitMac.app; sourceTree = BUILT_PRODUCTS_DIR; };
		3E72DE4CD33765327B4E6608 /* Info.plist */ = {isa = PBXFileReference; lastKnownFileType = text.plist; path = Info.plist; sourceTree = "<group>"; };
		4CC94264A2C1B175EB0CBA53 /* DiffWindowController.swift */ = {isa = PBXFileReference; lastKnownFileType = sourcecode.swift; path = DiffWindowController.swift; sourceTree = "<group>"; };
		6C1ED3D5BF76CA4D48330BFD /* RepositoryPreferences.swift */ = {isa = PBXFileReference; lastKnownFileType = sourcecode.swift; path = RepositoryPreferences.swift; sourceTree = "<group>"; };
		A022E2A13035B9CBA4420A0F /* GitCommandRunner.swift */ = {isa = PBXFileReference; lastKnownFileType = sourcecode.swift; path = GitCommandRunner.swift; sourceTree = "<group>"; };
		B534763F96EF4486A487D33F /* MainMenu.swift */ = {isa = PBXFileReference; lastKnownFileType = sourcecode.swift; path = MainMenu.swift; sourceTree = "<group>"; };
		BB808CE2E7878A0463B857AC /* main.swift */ = {isa = PBXFileReference; lastKnownFileType = sourcecode.swift; path = main.swift; sourceTree = "<group>"; };
		D43F991BBEFB7FDE27073749 /* TortoiseGitFinderExtension.appex */ = {isa = PBXFileReference; explicitFileType = "wrapper.app-extension"; includeInIndex = 0; path = TortoiseGitFinderExtension.appex; sourceTree = BUILT_PRODUCTS_DIR; };
		D690F6364453B6E9EBED9FFC /* FinderSyncExtension.swift */ = {isa = PBXFileReference; lastKnownFileType = sourcecode.swift; path = FinderSyncExtension.swift; sourceTree = "<group>"; };
		E18C5BD6740BA74A515A135A /* TortoiseGitMac.entitlements */ = {isa = PBXFileReference; lastKnownFileType = text.plist.entitlements; path = TortoiseGitMac.entitlements; sourceTree = "<group>"; };
		EB4905F3406759FAFE7274BC /* TortoiseGitFinderExtension.entitlements */ = {isa = PBXFileReference; lastKnownFileType = text.plist.entitlements; path = TortoiseGitFinderExtension.entitlements; sourceTree = "<group>"; };
		F77632B69F8A3F1BF84AE362 /* AppDelegate.swift */ = {isa = PBXFileReference; lastKnownFileType = sourcecode.swift; path = AppDelegate.swift; sourceTree = "<group>"; };
		FC72ABE941CEC8752B6263B2 /* PreferencesWindowController.swift */ = {isa = PBXFileReference; lastKnownFileType = sourcecode.swift; path = PreferencesWindowController.swift; sourceTree = "<group>"; };
/* End PBXFileReference section */

/* Begin PBXGroup section */
		3008F7BCF33913645F32605A /* GitOperations */ = {
			isa = PBXGroup;
			children = (
				A022E2A13035B9CBA4420A0F /* GitCommandRunner.swift */,
			);
			name = GitOperations;
			path = Sources/GitOperations;
			sourceTree = "<group>";
		};
		345C61B5DA5CF32B1A1D1E8C = {
			isa = PBXGroup;
			children = (
				95015893C04313F71D718DBB /* App */,
				A16075416E4F8F36E00545A9 /* FinderExtension */,
				3008F7BCF33913645F32605A /* GitOperations */,
				819047702947A873ED7CECDE /* Shared */,
				AD4AE5E0A4BCC4365A14EF54 /* Products */,
			);
			sourceTree = "<group>";
		};
		819047702947A873ED7CECDE /* Shared */ = {
			isa = PBXGroup;
			children = (
				6C1ED3D5BF76CA4D48330BFD /* RepositoryPreferences.swift */,
			);
			name = Shared;
			path = Sources/Shared;
			sourceTree = "<group>";
		};
		95015893C04313F71D718DBB /* App */ = {
			isa = PBXGroup;
			children = (
				F77632B69F8A3F1BF84AE362 /* AppDelegate.swift */,
				1380143AEA15DF26D94C25AA /* CommitWindowController.swift */,
				4CC94264A2C1B175EB0CBA53 /* DiffWindowController.swift */,
				1D41B54C9A9BDF697F039484 /* Info.plist */,
				17FC7E06BBD6067F490A3A95 /* LogWindowController.swift */,
				BB808CE2E7878A0463B857AC /* main.swift */,
				B534763F96EF4486A487D33F /* MainMenu.swift */,
				FC72ABE941CEC8752B6263B2 /* PreferencesWindowController.swift */,
				E18C5BD6740BA74A515A135A /* TortoiseGitMac.entitlements */,
			);
			name = App;
			path = Sources/App;
			sourceTree = "<group>";
		};
		A16075416E4F8F36E00545A9 /* FinderExtension */ = {
			isa = PBXGroup;
			children = (
				D690F6364453B6E9EBED9FFC /* FinderSyncExtension.swift */,
				3E72DE4CD33765327B4E6608 /* Info.plist */,
				EB4905F3406759FAFE7274BC /* TortoiseGitFinderExtension.entitlements */,
			);
			path = FinderExtension;
			sourceTree = "<group>";
		};
		AD4AE5E0A4BCC4365A14EF54 /* Products */ = {
			isa = PBXGroup;
			children = (
				D43F991BBEFB7FDE27073749 /* TortoiseGitFinderExtension.appex */,
				36B90AB5F6651101759BD685 /* TortoiseGitMac.app */,
			);
			name = Products;
			sourceTree = "<group>";
		};
/* End PBXGroup section */

/* Begin PBXNativeTarget section */
		AEA41406BDE38463318E4CFC /* TortoiseGitFinderExtension */ = {
			isa = PBXNativeTarget;
			buildConfigurationList = 0BCE8FCCED4C7304BB7A6D71 /* Build configuration list for PBXNativeTarget "TortoiseGitFinderExtension" */;
			buildPhases = (
				C3A2EB0E17C2C4CD4267BF1C /* Sources */,
			);
			buildRules = (
			);
			dependencies = (
			);
			name = TortoiseGitFinderExtension;
			packageProductDependencies = (
			);
			productName = TortoiseGitFinderExtension;
			productReference = D43F991BBEFB7FDE27073749 /* TortoiseGitFinderExtension.appex */;
			productType = "com.apple.product-type.app-extension";
		};
		C14C60DB95DFB62BAE83E8EA /* TortoiseGitMac */ = {
			isa = PBXNativeTarget;
			buildConfigurationList = 9AE80EA3472AF4CA6AF8F3AB /* Build configuration list for PBXNativeTarget "TortoiseGitMac" */;
			buildPhases = (
				3FD4183FE03575F480E2CD03 /* Sources */,
				7F31302EDBF9220E8FDFEDA5 /* Embed Foundation Extensions */,
			);
			buildRules = (
			);
			dependencies = (
				B9993F9A5E0CF9C09164AE3C /* PBXTargetDependency */,
			);
			name = TortoiseGitMac;
			packageProductDependencies = (
			);
			productName = TortoiseGitMac;
			productReference = 36B90AB5F6651101759BD685 /* TortoiseGitMac.app */;
			productType = "com.apple.product-type.application";
		};
/* End PBXNativeTarget section */

/* Begin PBXProject section */
		B9297A04CC5ABBBE91FECE1D /* Project object */ = {
			isa = PBXProject;
			attributes = {
				BuildIndependentTargetsInParallel = YES;
				LastUpgradeCheck = 1500;
				TargetAttributes = {
				};
			};
			buildConfigurationList = 8CED47454F14243ABCC164E2 /* Build configuration list for PBXProject "TortoiseGitMac" */;
			developmentRegion = en;
			hasScannedForEncodings = 0;
			knownRegions = (
				Base,
				en,
			);
			mainGroup = 345C61B5DA5CF32B1A1D1E8C;
			minimizedProjectReferenceProxies = 1;
			preferredProjectObjectVersion = 77;
			productRefGroup = AD4AE5E0A4BCC4365A14EF54 /* Products */;
			projectDirPath = "";
			projectRoot = "";
			targets = (
				AEA41406BDE38463318E4CFC /* TortoiseGitFinderExtension */,
				C14C60DB95DFB62BAE83E8EA /* TortoiseGitMac */,
			);
		};
/* End PBXProject section */

/* Begin PBXSourcesBuildPhase section */
		3FD4183FE03575F480E2CD03 /* Sources */ = {
			isa = PBXSourcesBuildPhase;
			buildActionMask = 2147483647;
			files = (
				7E063CC74730ADD387C0C04C /* AppDelegate.swift in Sources */,
				612876BA25DDC98D06EB0277 /* CommitWindowController.swift in Sources */,
				2821A5EE1B006B2E30D2EDE7 /* DiffWindowController.swift in Sources */,
				6C3E8D9B82700C14444DD353 /* GitCommandRunner.swift in Sources */,
				269CB71E7B8AADCADC97EA75 /* LogWindowController.swift in Sources */,
				4AC078D19731B585F9F9E08B /* MainMenu.swift in Sources */,
				EC254392F67D01A405A91F22 /* PreferencesWindowController.swift in Sources */,
				701D55AA89E5D502E344B382 /* RepositoryPreferences.swift in Sources */,
				BF8CDE24F08588ED20F7AA8C /* main.swift in Sources */,
			);
			runOnlyForDeploymentPostprocessing = 0;
		};
		C3A2EB0E17C2C4CD4267BF1C /* Sources */ = {
			isa = PBXSourcesBuildPhase;
			buildActionMask = 2147483647;
			files = (
				3677AFD82737E1FE43BB8F04 /* FinderSyncExtension.swift in Sources */,
				38B12E62F62AA30E9B5A836E /* GitCommandRunner.swift in Sources */,
				AC26253AACCB200F63BDB011 /* RepositoryPreferences.swift in Sources */,
			);
			runOnlyForDeploymentPostprocessing = 0;
		};
/* End PBXSourcesBuildPhase section */

/* Begin PBXTargetDependency section */
		B9993F9A5E0CF9C09164AE3C /* PBXTargetDependency */ = {
			isa = PBXTargetDependency;
			target = AEA41406BDE38463318E4CFC /* TortoiseGitFinderExtension */;
			targetProxy = F8F99E9923585AD1F378580A /* PBXContainerItemProxy */;
		};
/* End PBXTargetDependency section */

/* Begin XCBuildConfiguration section */
		269345C4E47CC701D3230E09 /* Debug */ = {
			isa = XCBuildConfiguration;
			buildSettings = {
				CODE_SIGN_ENTITLEMENTS = FinderExtension/TortoiseGitFinderExtension.entitlements;
				COMBINE_HIDPI_IMAGES = YES;
				INFOPLIST_FILE = FinderExtension/Info.plist;
				LD_RUNPATH_SEARCH_PATHS = (
					"$(inherited)",
					"@executable_path/../Frameworks",
					"@executable_path/../../../../Frameworks",
				);
				PRODUCT_BUNDLE_IDENTIFIER = com.tortoisegitmac.app.FinderExtension;
				PRODUCT_NAME = TortoiseGitFinderExtension;
				SDKROOT = macosx;
				SKIP_INSTALL = YES;
			};
			name = Debug;
		};
		738CC452F36239C6FA98B644 /* Release */ = {
			isa = XCBuildConfiguration;
			buildSettings = {
				CODE_SIGN_ENTITLEMENTS = FinderExtension/TortoiseGitFinderExtension.entitlements;
				COMBINE_HIDPI_IMAGES = YES;
				INFOPLIST_FILE = FinderExtension/Info.plist;
				LD_RUNPATH_SEARCH_PATHS = (
					"$(inherited)",
					"@executable_path/../Frameworks",
					"@executable_path/../../../../Frameworks",
				);
				PRODUCT_BUNDLE_IDENTIFIER = com.tortoisegitmac.app.FinderExtension;
				PRODUCT_NAME = TortoiseGitFinderExtension;
				SDKROOT = macosx;
				SKIP_INSTALL = YES;
			};
			name = Release;
		};
		8A6814007F5178F1CEC42EC5 /* Release */ = {
			isa = XCBuildConfiguration;
			buildSettings = {
				ALWAYS_SEARCH_USER_PATHS = NO;
				CLANG_ANALYZER_NONNULL = YES;
				CLANG_ANALYZER_NUMBER_OBJECT_CONVERSION = YES_AGGRESSIVE;
				CLANG_CXX_LANGUAGE_STANDARD = "gnu++14";
				CLANG_CXX_LIBRARY = "libc++";
				CLANG_ENABLE_MODULES = YES;
				CLANG_ENABLE_OBJC_ARC = YES;
				CLANG_ENABLE_OBJC_WEAK = YES;
				CLANG_WARN_BLOCK_CAPTURE_AUTORELEASING = YES;
				CLANG_WARN_BOOL_CONVERSION = YES;
				CLANG_WARN_COMMA = YES;
				CLANG_WARN_CONSTANT_CONVERSION = YES;
				CLANG_WARN_DEPRECATED_OBJC_IMPLEMENTATIONS = YES;
				CLANG_WARN_DIRECT_OBJC_ISA_USAGE = YES_ERROR;
				CLANG_WARN_DOCUMENTATION_COMMENTS = YES;
				CLANG_WARN_EMPTY_BODY = YES;
				CLANG_WARN_ENUM_CONVERSION = YES;
				CLANG_WARN_INFINITE_RECURSION = YES;
				CLANG_WARN_INT_CONVERSION = YES;
				CLANG_WARN_NON_LITERAL_NULL_CONVERSION = YES;
				CLANG_WARN_OBJC_IMPLICIT_RETAIN_SELF = YES;
				CLANG_WARN_OBJC_LITERAL_CONVERSION = YES;
				CLANG_WARN_OBJC_ROOT_CLASS = YES_ERROR;
				CLANG_WARN_QUOTED_INCLUDE_IN_FRAMEWORK_HEADER = YES;
				CLANG_WARN_RANGE_LOOP_ANALYSIS = YES;
				CLANG_WARN_STRICT_PROTOTYPES = YES;
				CLANG_WARN_SUSPICIOUS_MOVE = YES;
				CLANG_WARN_UNGUARDED_AVAILABILITY = YES_AGGRESSIVE;
				CLANG_WARN_UNREACHABLE_CODE = YES;
				CLANG_WARN__DUPLICATE_METHOD_MATCH = YES;
				COPY_PHASE_STRIP = NO;
				DEBUG_INFORMATION_FORMAT = "dwarf-with-dsym";
				ENABLE_NS_ASSERTIONS = NO;
				ENABLE_STRICT_OBJC_MSGSEND = YES;
				GCC_C_LANGUAGE_STANDARD = gnu11;
				GCC_NO_COMMON_BLOCKS = YES;
				GCC_WARN_64_TO_32_BIT_CONVERSION = YES;
				GCC_WARN_ABOUT_RETURN_TYPE = YES_ERROR;
				GCC_WARN_UNDECLARED_SELECTOR = YES;
				GCC_WARN_UNINITIALIZED_AUTOS = YES_AGGRESSIVE;
				GCC_WARN_UNUSED_FUNCTION = YES;
				GCC_WARN_UNUSED_VARIABLE = YES;
				MACOSX_DEPLOYMENT_TARGET = 13.0;
				MTL_ENABLE_DEBUG_INFO = NO;
				MTL_FAST_MATH = YES;
				PRODUCT_NAME = "$(TARGET_NAME)";
				SDKROOT = macosx;
				SWIFT_COMPILATION_MODE = wholemodule;
				SWIFT_OPTIMIZATION_LEVEL = "-O";
				SWIFT_VERSION = 5.9;
			};
			name = Release;
		};
		A8C9425C2BE1CB97D87F40BB /* Release */ = {
			isa = XCBuildConfiguration;
			buildSettings = {
				ASSETCATALOG_COMPILER_APPICON_NAME = AppIcon;
				CODE_SIGN_ENTITLEMENTS = Sources/App/TortoiseGitMac.entitlements;
				COMBINE_HIDPI_IMAGES = YES;
				INFOPLIST_FILE = Sources/App/Info.plist;
				LD_RUNPATH_SEARCH_PATHS = (
					"$(inherited)",
					"@executable_path/../Frameworks",
				);
				PRODUCT_BUNDLE_IDENTIFIER = com.tortoisegitmac.app;
				PRODUCT_NAME = TortoiseGitMac;
				SDKROOT = macosx;
			};
			name = Release;
		};
		E5D726BB9444B403C8FD8B1E /* Debug */ = {
			isa = XCBuildConfiguration;
			buildSettings = {
				ALWAYS_SEARCH_USER_PATHS = NO;
				CLANG_ANALYZER_NONNULL = YES;
				CLANG_ANALYZER_NUMBER_OBJECT_CONVERSION = YES_AGGRESSIVE;
				CLANG_CXX_LANGUAGE_STANDARD = "gnu++14";
				CLANG_CXX_LIBRARY = "libc++";
				CLANG_ENABLE_MODULES = YES;
				CLANG_ENABLE_OBJC_ARC = YES;
				CLANG_ENABLE_OBJC_WEAK = YES;
				CLANG_WARN_BLOCK_CAPTURE_AUTORELEASING = YES;
				CLANG_WARN_BOOL_CONVERSION = YES;
				CLANG_WARN_COMMA = YES;
				CLANG_WARN_CONSTANT_CONVERSION = YES;
				CLANG_WARN_DEPRECATED_OBJC_IMPLEMENTATIONS = YES;
				CLANG_WARN_DIRECT_OBJC_ISA_USAGE = YES_ERROR;
				CLANG_WARN_DOCUMENTATION_COMMENTS = YES;
				CLANG_WARN_EMPTY_BODY = YES;
				CLANG_WARN_ENUM_CONVERSION = YES;
				CLANG_WARN_INFINITE_RECURSION = YES;
				CLANG_WARN_INT_CONVERSION = YES;
				CLANG_WARN_NON_LITERAL_NULL_CONVERSION = YES;
				CLANG_WARN_OBJC_IMPLICIT_RETAIN_SELF = YES;
				CLANG_WARN_OBJC_LITERAL_CONVERSION = YES;
				CLANG_WARN_OBJC_ROOT_CLASS = YES_ERROR;
				CLANG_WARN_QUOTED_INCLUDE_IN_FRAMEWORK_HEADER = YES;
				CLANG_WARN_RANGE_LOOP_ANALYSIS = YES;
				CLANG_WARN_STRICT_PROTOTYPES = YES;
				CLANG_WARN_SUSPICIOUS_MOVE = YES;
				CLANG_WARN_UNGUARDED_AVAILABILITY = YES_AGGRESSIVE;
				CLANG_WARN_UNREACHABLE_CODE = YES;
				CLANG_WARN__DUPLICATE_METHOD_MATCH = YES;
				COPY_PHASE_STRIP = NO;
				DEBUG_INFORMATION_FORMAT = dwarf;
				ENABLE_STRICT_OBJC_MSGSEND = YES;
				ENABLE_TESTABILITY = YES;
				GCC_C_LANGUAGE_STANDARD = gnu11;
				GCC_DYNAMIC_NO_PIC = NO;
				GCC_NO_COMMON_BLOCKS = YES;
				GCC_OPTIMIZATION_LEVEL = 0;
				GCC_PREPROCESSOR_DEFINITIONS = (
					"$(inherited)",
					"DEBUG=1",
				);
				GCC_WARN_64_TO_32_BIT_CONVERSION = YES;
				GCC_WARN_ABOUT_RETURN_TYPE = YES_ERROR;
				GCC_WARN_UNDECLARED_SELECTOR = YES;
				GCC_WARN_UNINITIALIZED_AUTOS = YES_AGGRESSIVE;
				GCC_WARN_UNUSED_FUNCTION = YES;
				GCC_WARN_UNUSED_VARIABLE = YES;
				MACOSX_DEPLOYMENT_TARGET = 13.0;
				MTL_ENABLE_DEBUG_INFO = INCLUDE_SOURCE;
				MTL_FAST_MATH = YES;
				ONLY_ACTIVE_ARCH = YES;
				PRODUCT_NAME = "$(TARGET_NAME)";
				SDKROOT = macosx;
				SWIFT_ACTIVE_COMPILATION_CONDITIONS = DEBUG;
				SWIFT_OPTIMIZATION_LEVEL = "-Onone";
				SWIFT_VERSION = 5.9;
			};
			name = Debug;
		};
		FB17B14AB4682FACA5343F26 /* Debug */ = {
			isa = XCBuildConfiguration;
			buildSettings = {
				ASSETCATALOG_COMPILER_APPICON_NAME = AppIcon;
				CODE_SIGN_ENTITLEMENTS = Sources/App/TortoiseGitMac.entitlements;
				COMBINE_HIDPI_IMAGES = YES;
				INFOPLIST_FILE = Sources/App/Info.plist;
				LD_RUNPATH_SEARCH_PATHS = (
					"$(inherited)",
					"@executable_path/../Frameworks",
				);
				PRODUCT_BUNDLE_IDENTIFIER = com.tortoisegitmac.app;
				PRODUCT_NAME = TortoiseGitMac;
				SDKROOT = macosx;
			};
			name = Debug;
		};
/* End XCBuildConfiguration section */

/* Begin XCConfigurationList section */
		0BCE8FCCED4C7304BB7A6D71 /* Build configuration list for PBXNativeTarget "TortoiseGitFinderExtension" */ = {
			isa = XCConfigurationList;
			buildConfigurations = (
				269345C4E47CC701D3230E09 /* Debug */,
				738CC452F36239C6FA98B644 /* Release */,
			);
			defaultConfigurationIsVisible = 0;
			defaultConfigurationName = Debug;
		};
		8CED47454F14243ABCC164E2 /* Build configuration list for PBXProject "TortoiseGitMac" */ = {
			isa = XCConfigurationList;
			buildConfigurations = (
				E5D726BB9444B403C8FD8B1E /* Debug */,
				8A6814007F5178F1CEC42EC5 /* Release */,
			);
			defaultConfigurationIsVisible = 0;
			defaultConfigurationName = Debug;
		};
		9AE80EA3472AF4CA6AF8F3AB /* Build configuration list for PBXNativeTarget "TortoiseGitMac" */ = {
			isa = XCConfigurationList;
			buildConfigurations = (
				FB17B14AB4682FACA5343F26 /* Debug */,
				A8C9425C2BE1CB97D87F40BB /* Release */,
			);
			defaultConfigurationIsVisible = 0;
			defaultConfigurationName = Debug;
		};
/* End XCConfigurationList section */
	};
	rootObject = B9297A04CC5ABBBE91FECE1D /* Project object */;
}
